
Microsoft Visual Studio Solution File, Format Version 12.00
# Visual Studio Version 17
VisualStudioVersion = 17.5.33502.453
MinimumVisualStudioVersion = 10.0.40219.1
Project("{FAE04EC0-301F-11D3-BF4B-00C04F79EFBC}") = "RevisaoSintaxe.ParadigmaEstruturado", "RevisaoSintaxe.ParadigmaEstruturado\RevisaoSintaxe.ParadigmaEstruturado.csproj", "{8FD16F8F-74E8-4C02-9609-8574F0F5BC92}"
EndProject
Global
	GlobalSection(SolutionConfigurationPlatforms) = preSolution
		Debug|Any CPU = Debug|Any CPU
		Release|Any CPU = Release|Any CPU
	EndGlobalSection
	GlobalSection(ProjectConfigurationPlatforms) = postSolution
		{8FD16F8F-74E8-4C02-9609-8574F0F5BC92}.Debug|Any CPU.ActiveCfg = Debug|Any CPU
		{8FD16F8F-74E8-4C02-9609-8574F0F5BC92}.Debug|Any CPU.Build.0 = Debug|Any CPU
		{8FD16F8F-74E8-4C02-9609-8574F0F5BC92}.Release|Any CPU.ActiveCfg = Release|Any CPU
		{8FD16F8F-74E8-4C02-9609-8574F0F5BC92}.Release|Any CPU.Build.0 = Release|Any CPU
	EndGlobalSection
	GlobalSection(SolutionProperties) = preSolution
		HideSolutionNode = FALSE
	EndGlobalSection
	GlobalSection(ExtensibilityGlobals) = postSolution
		SolutionGuid = {D555E645-F141-43F1-B203-6A7EA9B3BFA0}
	EndGlobalSection
EndGlobal
